
Microsoft Visual Studio Solution File, Format Version 12.00
# Visual Studio Version 17
VisualStudioVersion = 17.5.002.0
MinimumVisualStudioVersion = 10.0.40219.1
Project("{9A19103F-16F7-4668-BE54-9A1E7A4F7556}") = "practical9", "practical9.csproj", "{A20A3CFA-2341-4759-AD54-82F56AD8A35E}"
EndProject
Global
	GlobalSection(SolutionConfigurationPlatforms) = preSolution
		Debug|Any CPU = Debug|Any CPU
		Release|Any CPU = Release|Any CPU
	EndGlobalSection
	GlobalSection(ProjectConfigurationPlatforms) = postSolution
		{A20A3CFA-2341-4759-AD54-82F56AD8A35E}.Debug|Any CPU.ActiveCfg = Debug|Any CPU
		{A20A3CFA-2341-4759-AD54-82F56AD8A35E}.Debug|Any CPU.Build.0 = Debug|Any CPU
		{A20A3CFA-2341-4759-AD54-82F56AD8A35E}.Release|Any CPU.ActiveCfg = Release|Any CPU
		{A20A3CFA-2341-4759-AD54-82F56AD8A35E}.Release|Any CPU.Build.0 = Release|Any CPU
	EndGlobalSection
	GlobalSection(SolutionProperties) = preSolution
		HideSolutionNode = FALSE
	EndGlobalSection
	GlobalSection(ExtensibilityGlobals) = postSolution
		SolutionGuid = {C186B472-3B21-4C9F-89CF-0D7E76680D70}
	EndGlobalSection
EndGlobal
