
Microsoft Visual Studio Solution File, Format Version 12.00
# Visual Studio Version 17
VisualStudioVersion = 17.5.002.0
MinimumVisualStudioVersion = 10.0.40219.1
Project("{9A19103F-16F7-4668-BE54-9A1E7A4F7556}") = "practical11", "practical11.csproj", "{746635E0-AE64-414A-B942-745142328634}"
EndProject
Global
	GlobalSection(SolutionConfigurationPlatforms) = preSolution
		Debug|Any CPU = Debug|Any CPU
		Release|Any CPU = Release|Any CPU
	EndGlobalSection
	GlobalSection(ProjectConfigurationPlatforms) = postSolution
		{746635E0-AE64-414A-B942-745142328634}.Debug|Any CPU.ActiveCfg = Debug|Any CPU
		{746635E0-AE64-414A-B942-745142328634}.Debug|Any CPU.Build.0 = Debug|Any CPU
		{746635E0-AE64-414A-B942-745142328634}.Release|Any CPU.ActiveCfg = Release|Any CPU
		{746635E0-AE64-414A-B942-745142328634}.Release|Any CPU.Build.0 = Release|Any CPU
	EndGlobalSection
	GlobalSection(SolutionProperties) = preSolution
		HideSolutionNode = FALSE
	EndGlobalSection
	GlobalSection(ExtensibilityGlobals) = postSolution
		SolutionGuid = {90BAD67D-8316-4993-93A9-413B3E9F523F}
	EndGlobalSection
EndGlobal
