
Microsoft Visual Studio Solution File, Format Version 12.00
# Visual Studio Version 17
VisualStudioVersion = 17.5.002.0
MinimumVisualStudioVersion = 10.0.40219.1
Project("{9A19103F-16F7-4668-BE54-9A1E7A4F7556}") = "MyMvcApp", "MyMvcApp\MyMvcApp.csproj", "{BAB95FED-6BCF-4B8D-BB34-F5D2EB8F4CBE}"
EndProject
Global
	GlobalSection(SolutionConfigurationPlatforms) = preSolution
		Debug|Any CPU = Debug|Any CPU
		Release|Any CPU = Release|Any CPU
	EndGlobalSection
	GlobalSection(ProjectConfigurationPlatforms) = postSolution
		{BAB95FED-6BCF-4B8D-BB34-F5D2EB8F4CBE}.Debug|Any CPU.ActiveCfg = Debug|Any CPU
		{BAB95FED-6BCF-4B8D-BB34-F5D2EB8F4CBE}.Debug|Any CPU.Build.0 = Debug|Any CPU
		{BAB95FED-6BCF-4B8D-BB34-F5D2EB8F4CBE}.Release|Any CPU.ActiveCfg = Release|Any CPU
		{BAB95FED-6BCF-4B8D-BB34-F5D2EB8F4CBE}.Release|Any CPU.Build.0 = Release|Any CPU
	EndGlobalSection
	GlobalSection(SolutionProperties) = preSolution
		HideSolutionNode = FALSE
	EndGlobalSection
	GlobalSection(ExtensibilityGlobals) = postSolution
		SolutionGuid = {0F47BF69-FE3D-48E3-BEE5-90A053CE4612}
	EndGlobalSection
EndGlobal
