Microsoft Visual Studio Solution File, Format Version 12.00
# Visual Studio Version 17
VisualStudioVersion = 17.5.2.0
MinimumVisualStudioVersion = 10.0.40219.1
Project("{FAE04EC0-301F-11D3-BF4B-00C04F79EFBC}") = "practical15", "practical15.csproj", "{69382576-FF81-3BD0-0B45-07B320ABBC9F}"
EndProject
Global
	GlobalSection(SolutionConfigurationPlatforms) = preSolution
		Debug|Any CPU = Debug|Any CPU
		Release|Any CPU = Release|Any CPU
	EndGlobalSection
	GlobalSection(ProjectConfigurationPlatforms) = postSolution
		{69382576-FF81-3BD0-0B45-07B320ABBC9F}.Debug|Any CPU.ActiveCfg = Debug|Any CPU
		{69382576-FF81-3BD0-0B45-07B320ABBC9F}.Debug|Any CPU.Build.0 = Debug|Any CPU
		{69382576-FF81-3BD0-0B45-07B320ABBC9F}.Release|Any CPU.ActiveCfg = Release|Any CPU
		{69382576-FF81-3BD0-0B45-07B320ABBC9F}.Release|Any CPU.Build.0 = Release|Any CPU
	EndGlobalSection
	GlobalSection(SolutionProperties) = preSolution
		HideSolutionNode = FALSE
	EndGlobalSection
	GlobalSection(ExtensibilityGlobals) = postSolution
		SolutionGuid = {11AAC65E-5BC6-4D30-B56A-3CC489E5EDC3}
	EndGlobalSection
EndGlobal
